
Microsoft Visual Studio Solution File, Format Version 12.00
# Visual Studio 15
VisualStudioVersion = 15.0.28010.2041
MinimumVisualStudioVersion = 10.0.40219.1
Project("{FAE04EC0-301F-11D3-BF4B-00C04F79EFBC}") = "Swk5.MediaAnnotator", "MediaAnnotator\Swk5.MediaAnnotator.csproj", "{9D47195C-B097-4565-82F9-F952649714DA}"
EndProject
Project("{FAE04EC0-301F-11D3-BF4B-00C04F79EFBC}") = "Swk5.MediaAnnotator.BL", "Swk5.MediaAnnotator.BL\Swk5.MediaAnnotator.BL.csproj", "{812DA110-24D0-442F-9EDC-CA26017D487C}"
EndProject
Project("{FAE04EC0-301F-11D3-BF4B-00C04F79EFBC}") = "Swk5.MediaAnnotator.Test", "Swk5.MediaAnnotator.Test\Swk5.MediaAnnotator.Test.csproj", "{DD800E20-3513-43A7-B319-A21252B5BBA4}"
EndProject
Global
	GlobalSection(SolutionConfigurationPlatforms) = preSolution
		Debug|Any CPU = Debug|Any CPU
		Release|Any CPU = Release|Any CPU
	EndGlobalSection
	GlobalSection(ProjectConfigurationPlatforms) = postSolution
		{9D47195C-B097-4565-82F9-F952649714DA}.Debug|Any CPU.ActiveCfg = Debug|Any CPU
		{9D47195C-B097-4565-82F9-F952649714DA}.Debug|Any CPU.Build.0 = Debug|Any CPU
		{9D47195C-B097-4565-82F9-F952649714DA}.Release|Any CPU.ActiveCfg = Release|Any CPU
		{9D47195C-B097-4565-82F9-F952649714DA}.Release|Any CPU.Build.0 = Release|Any CPU
		{812DA110-24D0-442F-9EDC-CA26017D487C}.Debug|Any CPU.ActiveCfg = Debug|Any CPU
		{812DA110-24D0-442F-9EDC-CA26017D487C}.Debug|Any CPU.Build.0 = Debug|Any CPU
		{812DA110-24D0-442F-9EDC-CA26017D487C}.Release|Any CPU.ActiveCfg = Release|Any CPU
		{812DA110-24D0-442F-9EDC-CA26017D487C}.Release|Any CPU.Build.0 = Release|Any CPU
		{DD800E20-3513-43A7-B319-A21252B5BBA4}.Debug|Any CPU.ActiveCfg = Debug|Any CPU
		{DD800E20-3513-43A7-B319-A21252B5BBA4}.Debug|Any CPU.Build.0 = Debug|Any CPU
		{DD800E20-3513-43A7-B319-A21252B5BBA4}.Release|Any CPU.ActiveCfg = Release|Any CPU
		{DD800E20-3513-43A7-B319-A21252B5BBA4}.Release|Any CPU.Build.0 = Release|Any CPU
	EndGlobalSection
	GlobalSection(SolutionProperties) = preSolution
		HideSolutionNode = FALSE
	EndGlobalSection
	GlobalSection(ExtensibilityGlobals) = postSolution
		SolutionGuid = {58E9C80C-72A6-4187-A438-09318B1F77D2}
	EndGlobalSection
EndGlobal
